
Microsoft Visual Studio Solution File, Format Version 12.00
# Visual Studio Version 17
VisualStudioVersion = 17.7.33711.374
MinimumVisualStudioVersion = 10.0.40219.1
Project("{9A19103F-16F7-4668-BE54-9A1E7A4F7556}") = "TestRunner", "TestRunner\TestRunner.csproj", "{FE5FFFC4-7B03-4A9A-970E-488D1D0E1DFD}"
EndProject
Project("{2150E333-8FDC-42A3-9474-1A3956D46DE8}") = "Compatibility.SqlServer", "Compatibility.SqlServer", "{0EA56AC4-91CE-4489-BBCA-EA9BED7DD230}"
EndProject
Project("{2150E333-8FDC-42A3-9474-1A3956D46DE8}") = "Compatibility.Core", "Compatibility.Core", "{4D5D1138-1283-48E6-AFB6-1CC87506A4C8}"
EndProject
Project("{2150E333-8FDC-42A3-9474-1A3956D46DE8}") = "Compatibility.Shared", "Compatibility.Shared", "{D175C70A-11EA-4372-99B5-32CC77BCACD2}"
EndProject
Project("{9A19103F-16F7-4668-BE54-9A1E7A4F7556}") = "Common", "Common\Common.csproj", "{9811BFA0-1BB5-46D9-B94B-C0FE7FE1CC1B}"
EndProject
Project("{9A19103F-16F7-4668-BE54-9A1E7A4F7556}") = "Core.V7", "Core.V7\Core.V7.csproj", "{DEF5E031-DFA1-40ED-ABB2-3E377510D58B}"
EndProject
Project("{9A19103F-16F7-4668-BE54-9A1E7A4F7556}") = "Core.V8", "Core.V8\Core.V8.csproj", "{B769FED5-B81D-4ABE-B308-19F0FD97095E}"
EndProject
Project("{9A19103F-16F7-4668-BE54-9A1E7A4F7556}") = "SqlServer.Tests", "SqlServer.Tests\SqlServer.Tests.csproj", "{3F4E112C-30D4-49B4-ADCC-15BCB9673F9E}"
EndProject
Project("{9A19103F-16F7-4668-BE54-9A1E7A4F7556}") = "SqlServer.V4", "SqlServer.V4\SqlServer.V4.csproj", "{38820493-3280-4CC2-A106-8954353B1D9B}"
EndProject
Project("{9A19103F-16F7-4668-BE54-9A1E7A4F7556}") = "SqlServer.V5", "SqlServer.V5\SqlServer.V5.csproj", "{C27689F3-F401-4F16-97E9-90D6AF3A11F8}"
EndProject
Project("{9A19103F-16F7-4668-BE54-9A1E7A4F7556}") = "SqlServer.V6", "SqlServer.V6\SqlServer.V6.csproj", "{8FA9EA53-7C30-472C-B94B-C971B63FF4DA}"
EndProject
Project("{9A19103F-16F7-4668-BE54-9A1E7A4F7556}") = "SqlServer.V7", "SqlServer.V7\SqlServer.V7.csproj", "{0600965A-DA19-4137-B141-4EB416264213}"
EndProject
Global
	GlobalSection(SolutionConfigurationPlatforms) = preSolution
		Debug|Any CPU = Debug|Any CPU
		Release|Any CPU = Release|Any CPU
	EndGlobalSection
	GlobalSection(ProjectConfigurationPlatforms) = postSolution
		{FE5FFFC4-7B03-4A9A-970E-488D1D0E1DFD}.Debug|Any CPU.ActiveCfg = Debug|Any CPU
		{FE5FFFC4-7B03-4A9A-970E-488D1D0E1DFD}.Debug|Any CPU.Build.0 = Debug|Any CPU
		{FE5FFFC4-7B03-4A9A-970E-488D1D0E1DFD}.Release|Any CPU.ActiveCfg = Release|Any CPU
		{FE5FFFC4-7B03-4A9A-970E-488D1D0E1DFD}.Release|Any CPU.Build.0 = Release|Any CPU
		{9811BFA0-1BB5-46D9-B94B-C0FE7FE1CC1B}.Debug|Any CPU.ActiveCfg = Debug|Any CPU
		{9811BFA0-1BB5-46D9-B94B-C0FE7FE1CC1B}.Debug|Any CPU.Build.0 = Debug|Any CPU
		{9811BFA0-1BB5-46D9-B94B-C0FE7FE1CC1B}.Release|Any CPU.ActiveCfg = Release|Any CPU
		{9811BFA0-1BB5-46D9-B94B-C0FE7FE1CC1B}.Release|Any CPU.Build.0 = Release|Any CPU
		{DEF5E031-DFA1-40ED-ABB2-3E377510D58B}.Debug|Any CPU.ActiveCfg = Debug|Any CPU
		{DEF5E031-DFA1-40ED-ABB2-3E377510D58B}.Debug|Any CPU.Build.0 = Debug|Any CPU
		{DEF5E031-DFA1-40ED-ABB2-3E377510D58B}.Release|Any CPU.ActiveCfg = Release|Any CPU
		{DEF5E031-DFA1-40ED-ABB2-3E377510D58B}.Release|Any CPU.Build.0 = Release|Any CPU
		{B769FED5-B81D-4ABE-B308-19F0FD97095E}.Debug|Any CPU.ActiveCfg = Debug|Any CPU
		{B769FED5-B81D-4ABE-B308-19F0FD97095E}.Debug|Any CPU.Build.0 = Debug|Any CPU
		{B769FED5-B81D-4ABE-B308-19F0FD97095E}.Release|Any CPU.ActiveCfg = Release|Any CPU
		{B769FED5-B81D-4ABE-B308-19F0FD97095E}.Release|Any CPU.Build.0 = Release|Any CPU
		{3F4E112C-30D4-49B4-ADCC-15BCB9673F9E}.Debug|Any CPU.ActiveCfg = Debug|Any CPU
		{3F4E112C-30D4-49B4-ADCC-15BCB9673F9E}.Debug|Any CPU.Build.0 = Debug|Any CPU
		{3F4E112C-30D4-49B4-ADCC-15BCB9673F9E}.Release|Any CPU.ActiveCfg = Release|Any CPU
		{3F4E112C-30D4-49B4-ADCC-15BCB9673F9E}.Release|Any CPU.Build.0 = Release|Any CPU
		{38820493-3280-4CC2-A106-8954353B1D9B}.Debug|Any CPU.ActiveCfg = Debug|Any CPU
		{38820493-3280-4CC2-A106-8954353B1D9B}.Debug|Any CPU.Build.0 = Debug|Any CPU
		{38820493-3280-4CC2-A106-8954353B1D9B}.Release|Any CPU.ActiveCfg = Release|Any CPU
		{38820493-3280-4CC2-A106-8954353B1D9B}.Release|Any CPU.Build.0 = Release|Any CPU
		{C27689F3-F401-4F16-97E9-90D6AF3A11F8}.Debug|Any CPU.ActiveCfg = Debug|Any CPU
		{C27689F3-F401-4F16-97E9-90D6AF3A11F8}.Debug|Any CPU.Build.0 = Debug|Any CPU
		{C27689F3-F401-4F16-97E9-90D6AF3A11F8}.Release|Any CPU.ActiveCfg = Release|Any CPU
		{C27689F3-F401-4F16-97E9-90D6AF3A11F8}.Release|Any CPU.Build.0 = Release|Any CPU
		{8FA9EA53-7C30-472C-B94B-C971B63FF4DA}.Debug|Any CPU.ActiveCfg = Debug|Any CPU
		{8FA9EA53-7C30-472C-B94B-C971B63FF4DA}.Debug|Any CPU.Build.0 = Debug|Any CPU
		{8FA9EA53-7C30-472C-B94B-C971B63FF4DA}.Release|Any CPU.ActiveCfg = Release|Any CPU
		{8FA9EA53-7C30-472C-B94B-C971B63FF4DA}.Release|Any CPU.Build.0 = Release|Any CPU
		{0600965A-DA19-4137-B141-4EB416264213}.Debug|Any CPU.ActiveCfg = Debug|Any CPU
		{0600965A-DA19-4137-B141-4EB416264213}.Debug|Any CPU.Build.0 = Debug|Any CPU
		{0600965A-DA19-4137-B141-4EB416264213}.Release|Any CPU.ActiveCfg = Release|Any CPU
		{0600965A-DA19-4137-B141-4EB416264213}.Release|Any CPU.Build.0 = Release|Any CPU
	EndGlobalSection
	GlobalSection(SolutionProperties) = preSolution
		HideSolutionNode = FALSE
	EndGlobalSection
	GlobalSection(NestedProjects) = preSolution
		{FE5FFFC4-7B03-4A9A-970E-488D1D0E1DFD} = {D175C70A-11EA-4372-99B5-32CC77BCACD2}
		{9811BFA0-1BB5-46D9-B94B-C0FE7FE1CC1B} = {0EA56AC4-91CE-4489-BBCA-EA9BED7DD230}
		{DEF5E031-DFA1-40ED-ABB2-3E377510D58B} = {4D5D1138-1283-48E6-AFB6-1CC87506A4C8}
		{B769FED5-B81D-4ABE-B308-19F0FD97095E} = {4D5D1138-1283-48E6-AFB6-1CC87506A4C8}
		{38820493-3280-4CC2-A106-8954353B1D9B} = {0EA56AC4-91CE-4489-BBCA-EA9BED7DD230}
		{C27689F3-F401-4F16-97E9-90D6AF3A11F8} = {0EA56AC4-91CE-4489-BBCA-EA9BED7DD230}
		{8FA9EA53-7C30-472C-B94B-C971B63FF4DA} = {0EA56AC4-91CE-4489-BBCA-EA9BED7DD230}
		{0600965A-DA19-4137-B141-4EB416264213} = {0EA56AC4-91CE-4489-BBCA-EA9BED7DD230}
	EndGlobalSection
	GlobalSection(ExtensibilityGlobals) = postSolution
		SolutionGuid = {C4A2C677-A178-4F8B-9ECC-AD4A1C66BAA0}
	EndGlobalSection
EndGlobal
